
Microsoft Visual Studio Solution File, Format Version 12.00
# Visual Studio Version 17
VisualStudioVersion = 17.0.31815.197
MinimumVisualStudioVersion = 10.0.40219.1
Project("{9A19103F-16F7-4668-BE54-9A1E7A4F7556}") = "Discord.Console", "Discord.Console\Discord.Console.csproj", "{AE8AFCDB-F67A-4C33-87F9-538AAC9BAF95}"
EndProject
Project("{9A19103F-16F7-4668-BE54-9A1E7A4F7556}") = "Discord.Appliation", "Discord.Appliation\Discord.Appliation.csproj", "{4386635B-CF7E-41D4-A2A8-433FF646DBD9}"
EndProject
Global
	GlobalSection(SolutionConfigurationPlatforms) = preSolution
		Debug|Any CPU = Debug|Any CPU
		Release|Any CPU = Release|Any CPU
	EndGlobalSection
	GlobalSection(ProjectConfigurationPlatforms) = postSolution
		{AE8AFCDB-F67A-4C33-87F9-538AAC9BAF95}.Debug|Any CPU.ActiveCfg = Debug|Any CPU
		{AE8AFCDB-F67A-4C33-87F9-538AAC9BAF95}.Debug|Any CPU.Build.0 = Debug|Any CPU
		{AE8AFCDB-F67A-4C33-87F9-538AAC9BAF95}.Release|Any CPU.ActiveCfg = Release|Any CPU
		{AE8AFCDB-F67A-4C33-87F9-538AAC9BAF95}.Release|Any CPU.Build.0 = Release|Any CPU
		{4386635B-CF7E-41D4-A2A8-433FF646DBD9}.Debug|Any CPU.ActiveCfg = Debug|Any CPU
		{4386635B-CF7E-41D4-A2A8-433FF646DBD9}.Debug|Any CPU.Build.0 = Debug|Any CPU
		{4386635B-CF7E-41D4-A2A8-433FF646DBD9}.Release|Any CPU.ActiveCfg = Release|Any CPU
		{4386635B-CF7E-41D4-A2A8-433FF646DBD9}.Release|Any CPU.Build.0 = Release|Any CPU
	EndGlobalSection
	GlobalSection(SolutionProperties) = preSolution
		HideSolutionNode = FALSE
	EndGlobalSection
	GlobalSection(ExtensibilityGlobals) = postSolution
		SolutionGuid = {981EF17B-E35A-45D1-82EC-773299ECFEE0}
	EndGlobalSection
EndGlobal
